Microsoft Visual Studio Solution File, Format Version 12.00
# Visual Studio Version 17
VisualStudioVersion = 17.5.2.0
MinimumVisualStudioVersion = 10.0.40219.1
Project("{FAE04EC0-301F-11D3-BF4B-00C04F79EFBC}") = "ejercicio1", "ejercicio1\ejercicio1.csproj", "{D14A756F-C9AC-DD4F-3CD4-8CED59BEFAA6}"
EndProject
Global
	GlobalSection(SolutionConfigurationPlatforms) = preSolution
		Debug|Any CPU = Debug|Any CPU
		Release|Any CPU = Release|Any CPU
	EndGlobalSection
	GlobalSection(ProjectConfigurationPlatforms) = postSolution
		{D14A756F-C9AC-DD4F-3CD4-8CED59BEFAA6}.Debug|Any CPU.ActiveCfg = Debug|Any CPU
		{D14A756F-C9AC-DD4F-3CD4-8CED59BEFAA6}.Debug|Any CPU.Build.0 = Debug|Any CPU
		{D14A756F-C9AC-DD4F-3CD4-8CED59BEFAA6}.Release|Any CPU.ActiveCfg = Release|Any CPU
		{D14A756F-C9AC-DD4F-3CD4-8CED59BEFAA6}.Release|Any CPU.Build.0 = Release|Any CPU
	EndGlobalSection
	GlobalSection(SolutionProperties) = preSolution
		HideSolutionNode = FALSE
	EndGlobalSection
	GlobalSection(ExtensibilityGlobals) = postSolution
		SolutionGuid = {792CD082-C830-4E3A-A8A7-7C231D474C2A}
	EndGlobalSection
EndGlobal
